
Microsoft Visual Studio Solution File, Format Version 12.00
# Visual Studio Version 16
VisualStudioVersion = 16.0.34031.81
MinimumVisualStudioVersion = 10.0.40219.1
Project("{FAE04EC0-301F-11D3-BF4B-00C04F79EFBC}") = "Mona LIsa Arreglos", "Mona LIsa Arreglos\Mona LIsa Arreglos.csproj", "{EE04ADEE-D4BA-4B91-B890-83CF0059B1DE}"
EndProject
Global
	GlobalSection(SolutionConfigurationPlatforms) = preSolution
		Debug|Any CPU = Debug|Any CPU
		Release|Any CPU = Release|Any CPU
	EndGlobalSection
	GlobalSection(ProjectConfigurationPlatforms) = postSolution
		{EE04ADEE-D4BA-4B91-B890-83CF0059B1DE}.Debug|Any CPU.ActiveCfg = Debug|Any CPU
		{EE04ADEE-D4BA-4B91-B890-83CF0059B1DE}.Debug|Any CPU.Build.0 = Debug|Any CPU
		{EE04ADEE-D4BA-4B91-B890-83CF0059B1DE}.Release|Any CPU.ActiveCfg = Release|Any CPU
		{EE04ADEE-D4BA-4B91-B890-83CF0059B1DE}.Release|Any CPU.Build.0 = Release|Any CPU
	EndGlobalSection
	GlobalSection(SolutionProperties) = preSolution
		HideSolutionNode = FALSE
	EndGlobalSection
	GlobalSection(ExtensibilityGlobals) = postSolution
		SolutionGuid = {4710FD24-0FBD-4E98-BCF4-95E25FFA6F85}
	EndGlobalSection
EndGlobal
